
Microsoft Visual Studio Solution File, Format Version 12.00
# Visual Studio 14
VisualStudioVersion = 14.0.25420.1
MinimumVisualStudioVersion = 10.0.40219.1
Project("{FAE04EC0-301F-11D3-BF4B-00C04F79EFBC}") = "soaptest2", "soaptest2\soaptest2.csproj", "{958B8611-97F3-4373-9E12-8E408F37AA02}"
EndProject
Global
	GlobalSection(SolutionConfigurationPlatforms) = preSolution
		Debug|Any CPU = Debug|Any CPU
		Release|Any CPU = Release|Any CPU
	EndGlobalSection
	GlobalSection(ProjectConfigurationPlatforms) = postSolution
		{958B8611-97F3-4373-9E12-8E408F37AA02}.Debug|Any CPU.ActiveCfg = Debug|Any CPU
		{958B8611-97F3-4373-9E12-8E408F37AA02}.Debug|Any CPU.Build.0 = Debug|Any CPU
		{958B8611-97F3-4373-9E12-8E408F37AA02}.Release|Any CPU.ActiveCfg = Release|Any CPU
		{958B8611-97F3-4373-9E12-8E408F37AA02}.Release|Any CPU.Build.0 = Release|Any CPU
	EndGlobalSection
	GlobalSection(SolutionProperties) = preSolution
		HideSolutionNode = FALSE
	EndGlobalSection
EndGlobal
